
Microsoft Visual Studio Solution File, Format Version 12.00
# Visual Studio Version 16
VisualStudioVersion = 16.0.31624.102
MinimumVisualStudioVersion = 10.0.40219.1
Project("{FAE04EC0-301F-11D3-BF4B-00C04F79EFBC}") = "WebApplication", "HM12\WebApplication\WebApplication.csproj", "{F74A2166-17B3-4D2B-8598-73794DBC0C13}"
EndProject
Project("{F2A71F9B-5D33-465A-A702-920D77279786}") = "WebApplicationFs", "HM12\WebApplicationFs\WebApplicationFs.fsproj", "{59523A1D-EC6A-43DE-ABDD-FF4FAA084BB3}"
EndProject
Project("{FAE04EC0-301F-11D3-BF4B-00C04F79EFBC}") = "Benchmarks", "Benchmarks\Benchmarks.csproj", "{A454634A-7A69-45C4-BBFB-CEF19C41DFDB}"
EndProject
Global
	GlobalSection(SolutionConfigurationPlatforms) = preSolution
		Debug|Any CPU = Debug|Any CPU
		Release|Any CPU = Release|Any CPU
	EndGlobalSection
	GlobalSection(ProjectConfigurationPlatforms) = postSolution
		{F74A2166-17B3-4D2B-8598-73794DBC0C13}.Debug|Any CPU.ActiveCfg = Debug|Any CPU
		{F74A2166-17B3-4D2B-8598-73794DBC0C13}.Debug|Any CPU.Build.0 = Debug|Any CPU
		{F74A2166-17B3-4D2B-8598-73794DBC0C13}.Release|Any CPU.ActiveCfg = Release|Any CPU
		{F74A2166-17B3-4D2B-8598-73794DBC0C13}.Release|Any CPU.Build.0 = Release|Any CPU
		{59523A1D-EC6A-43DE-ABDD-FF4FAA084BB3}.Debug|Any CPU.ActiveCfg = Debug|Any CPU
		{59523A1D-EC6A-43DE-ABDD-FF4FAA084BB3}.Debug|Any CPU.Build.0 = Debug|Any CPU
		{59523A1D-EC6A-43DE-ABDD-FF4FAA084BB3}.Release|Any CPU.ActiveCfg = Release|Any CPU
		{59523A1D-EC6A-43DE-ABDD-FF4FAA084BB3}.Release|Any CPU.Build.0 = Release|Any CPU
		{A454634A-7A69-45C4-BBFB-CEF19C41DFDB}.Debug|Any CPU.ActiveCfg = Debug|Any CPU
		{A454634A-7A69-45C4-BBFB-CEF19C41DFDB}.Debug|Any CPU.Build.0 = Debug|Any CPU
		{A454634A-7A69-45C4-BBFB-CEF19C41DFDB}.Release|Any CPU.ActiveCfg = Release|Any CPU
		{A454634A-7A69-45C4-BBFB-CEF19C41DFDB}.Release|Any CPU.Build.0 = Release|Any CPU
	EndGlobalSection
	GlobalSection(SolutionProperties) = preSolution
		HideSolutionNode = FALSE
	EndGlobalSection
	GlobalSection(ExtensibilityGlobals) = postSolution
		SolutionGuid = {16D77217-08E2-47D7-9EA5-1D5D38B9B23C}
	EndGlobalSection
EndGlobal
